
Microsoft Visual Studio Solution File, Format Version 10.00
# Visual Studio 2008
Project("{FAE04EC0-301F-11D3-BF4B-00C04F79EFBC}") = "new yahoo bot", "new yahoo bot\new yahoo bot.csproj", "{ABBB9775-1BA2-453A-A92B-53F9C9153B73}"
EndProject
Global
	GlobalSection(SolutionConfigurationPlatforms) = preSolution
		Debug|Any CPU = Debug|Any CPU
		Release|Any CPU = Release|Any CPU
	EndGlobalSection
	GlobalSection(ProjectConfigurationPlatforms) = postSolution
		{ABBB9775-1BA2-453A-A92B-53F9C9153B73}.Debug|Any CPU.ActiveCfg = Debug|Any CPU
		{ABBB9775-1BA2-453A-A92B-53F9C9153B73}.Debug|Any CPU.Build.0 = Debug|Any CPU
		{ABBB9775-1BA2-453A-A92B-53F9C9153B73}.Release|Any CPU.ActiveCfg = Release|Any CPU
		{ABBB9775-1BA2-453A-A92B-53F9C9153B73}.Release|Any CPU.Build.0 = Release|Any CPU
	EndGlobalSection
	GlobalSection(SolutionProperties) = preSolution
		HideSolutionNode = FALSE
	EndGlobalSection
EndGlobal
